github.com/antonfisher/nested-logrus-formatter v1.3.1 h1:NFJIr+pzwv5QLHTPyKz9UMEoHck02Q9L0FP13b/xSbQ=
github.com/antonfisher/nested-logrus-formatter v1.3.1/go.mod h1:6WTfyWFkBc9+zyBaKIqRrg/KwMqBbodBjgbHjDz7zjA=
github.com/davecgh/go-spew v1.1.1 h1:vj9j/u1bqnvCEfJOwUhtlOARqs3+rkHYY13jYWTU97c=
github.com/davecgh/go-spew v1.1.1/go.mod h1:J7Y8YcW2NihsgmVo/mv3lAwl/skON4iLHjSsI+c5H38=
github.com/free5gc/aper v1.0.5 h1:sUYFFmOXDLjyL4rU6zFnq81M4YluqP90Pso5e/J4UhA=
github.com/free5gc/aper v1.0.5/go.mod h1:ybHxhYnRqQ9wD4yB9r/3MZdbCYCjtqUyfLpSnJpwWd4=
github.com/free5gc/openapi v1.0.7 h1:I0HOgqRgER6DbyqB6EBxusmbeouIhcOn4eOJvL3veJA=
github.com/free5gc/openapi v1.0.7/go.mod h1:qv9KqEucoZSeENPRFGxfTe+33ZWYyiYFx1Rj+H0DoWA=
github.com/golang-jwt/jwt v3.2.1+incompatible h1:73Z+4BJcrTC+KczS6WvTPvRGOp1WmfEP4Q1lOd9Z/+c=
github.com/golang-jwt/jwt v3.2.1+incompatible/go.mod h1:8pz2t5EyA70fFQQSrl6XZXzqecmYZeUEB8OUGHkxJ+I=
github.com/kr/pretty v0.1.0 h1:L/CwN0zerZDmRFUapSPitk6f+Q3+0za1rQkzVuMiMFI=
github.com/kr/pretty v0.1.0/go.mod h1:dAy3ld7l9f0ibDNOQOHHMYYIIbhfbHSm3C4ZsoJORNo=
github.com/kr/pty v1.1.1/go.mod h1:pFQYn66WHrOpPYNljwOMqo10TkYh1fy3cYio2l3bCsQ=
github.com/kr/text v0.1.0 h1:45sCR5RtlFHMR4UwH9sdQ5TC8v0qDQCHnXt+kaKSTVE=
github.com/kr/text v0.1.0/go.mod h1:4Jbv+DJW3UT/LiOwJeYQe1efqtUx/iVham/4vfdArNI=
github.com/pmezard/go-difflib v1.0.0 h1:4DBwDE0NGyQoBHbLQYPwSUPoCMWR5BEzIk/f1lZbAQM=
github.com/pmezard/go-difflib v1.0.0/go.mod h1:iKH77koFhYxTK1pcRnkKkqfTogsbg7gZNVY4sRDYZ/4=
github.com/sirupsen/logrus v1.8.1 h1:dJKuHgqk1NNQlqoA6BTlM1Wf9DOH3NBjQyu0h9+AZZE=
github.com/sirupsen/logrus v1.8.1/go.mod h1:yWOB1SBYBC5VeMP7gHvWumXLIWorT60ONWic61uBYv0=
github.com/stretchr/testify v1.2.2/go.mod h1:a8OnRcib4nhh0OaRAV+Yts87kKdq0PP7pXfy6kDkUVs=
github.com/stretchr/testify v1.8.3 h1:RP3t2pwF7cMEbC1dqtB6poj3niw/9gnV4Cjg5oW5gtY=
github.com/stretchr/testify v1.8.3/go.mod h1:sz/lmYIOXD/1dqDmKjjqLyZ2RngseejIcXlSw2iwfAo=
github.com/tim-ywliu/nested-logrus-formatter v1.3.2 h1:jugNJ2/CNCI79SxOJCOhwUHeN3O7/7/bj+ZRGOFlCSw=
github.com/tim-ywliu/nested-logrus-formatter v1.3.2/go.mod h1:oGPmcxZB65j9Wo7mCnQKSrKEJtVDqyjD666SGmyStXI=
golang.org/x/sys v0.0.0-20191026070338-33540a1f6037/go.mod h1:h1NjWce9XRLGQEsW7wpKNCjG9DtNlClVuFLEZdDNbEs=
golang.org/x/sys v0.5.0 h1:MUK/U/4lj1t1oPg0HfuXDN/Z1wv31ZJ/YcPiGccS4DU=
golang.org/x/sys v0.5.0/go.mod h1:oPkhp1MJrh7nUepCBck5+mAzfO9JrbApNNgaTdGDITg=
gopkg.in/check.v1 v0.0.0-20161208181325-20d25e280405/go.mod h1:Co6ibVJAznAaIkqp8huTwlJQCZ016jof/cbN4VW5Yz0=
gopkg.in/check.v1 v1.0.0-20180628173108-788fd7840127 h1:qIbj1fsPNlZgppZ+VLlY7N33q108Sa+fhmuc+sWQYwY=
gopkg.in/check.v1 v1.0.0-20180628173108-788fd7840127/go.mod h1:Co6ibVJAznAaIkqp8huTwlJQCZ016jof/cbN4VW5Yz0=
gopkg.in/yaml.v3 v3.0.1 h1:fxVm/GzAzEWqLHuvctI91KS9hhNmmWOoWu0XTYJS7CA=
gopkg.in/yaml.v3 v3.0.1/go.mod h1:K4uyk7z7BCEPqu6E+C64Yfv1cQ7kz7rIZviUmN+EgEM=
